
Microsoft Visual Studio Solution File, Format Version 12.00
# Visual Studio Version 17
VisualStudioVersion = 17.7.34024.191
MinimumVisualStudioVersion = 10.0.40219.1
Project("{FAE04EC0-301F-11D3-BF4B-00C04F79EFBC}") = "Lab6", "Lab6.csproj", "{BB194F9C-DF0B-41EB-9CCE-61458A100836}"
EndProject
Global
	GlobalSection(SolutionConfigurationPlatforms) = preSolution
		Debug|Any CPU = Debug|Any CPU
		Release|Any CPU = Release|Any CPU
	EndGlobalSection
	GlobalSection(ProjectConfigurationPlatforms) = postSolution
		{BB194F9C-DF0B-41EB-9CCE-61458A100836}.Debug|Any CPU.ActiveCfg = Debug|Any CPU
		{BB194F9C-DF0B-41EB-9CCE-61458A100836}.Debug|Any CPU.Build.0 = Debug|Any CPU
		{BB194F9C-DF0B-41EB-9CCE-61458A100836}.Release|Any CPU.ActiveCfg = Release|Any CPU
		{BB194F9C-DF0B-41EB-9CCE-61458A100836}.Release|Any CPU.Build.0 = Release|Any CPU
	EndGlobalSection
	GlobalSection(SolutionProperties) = preSolution
		HideSolutionNode = FALSE
	EndGlobalSection
	GlobalSection(ExtensibilityGlobals) = postSolution
		SolutionGuid = {C8CAD241-BDBE-4484-BE4B-CC5FCA2DD7CB}
	EndGlobalSection
EndGlobal
