
Microsoft Visual Studio Solution File, Format Version 12.00
# Visual Studio Version 17
VisualStudioVersion = 17.7.34024.191
MinimumVisualStudioVersion = 10.0.40219.1
Project("{FAE04EC0-301F-11D3-BF4B-00C04F79EFBC}") = "Lab4", "Lab4\Lab4.csproj", "{6D4A96E3-4A75-45C7-805E-A5A161458A3C}"
EndProject
Global
	GlobalSection(SolutionConfigurationPlatforms) = preSolution
		Debug|Any CPU = Debug|Any CPU
		Release|Any CPU = Release|Any CPU
	EndGlobalSection
	GlobalSection(ProjectConfigurationPlatforms) = postSolution
		{6D4A96E3-4A75-45C7-805E-A5A161458A3C}.Debug|Any CPU.ActiveCfg = Debug|Any CPU
		{6D4A96E3-4A75-45C7-805E-A5A161458A3C}.Debug|Any CPU.Build.0 = Debug|Any CPU
		{6D4A96E3-4A75-45C7-805E-A5A161458A3C}.Release|Any CPU.ActiveCfg = Release|Any CPU
		{6D4A96E3-4A75-45C7-805E-A5A161458A3C}.Release|Any CPU.Build.0 = Release|Any CPU
	EndGlobalSection
	GlobalSection(SolutionProperties) = preSolution
		HideSolutionNode = FALSE
	EndGlobalSection
	GlobalSection(ExtensibilityGlobals) = postSolution
		SolutionGuid = {B390087C-E9E1-491B-B57E-BAA12F0FF5C6}
	EndGlobalSection
EndGlobal
