
Microsoft Visual Studio Solution File, Format Version 12.00
# Visual Studio Version 16
VisualStudioVersion = 16.0.30523.141
MinimumVisualStudioVersion = 10.0.40219.1
Project("{FAE04EC0-301F-11D3-BF4B-00C04F79EFBC}") = "Lab8", "Lab8\Lab8.csproj", "{723EA0D7-F023-42D3-B1D1-39B6EF1FD7C9}"
EndProject
Global
	GlobalSection(SolutionConfigurationPlatforms) = preSolution
		Debug|Any CPU = Debug|Any CPU
		Release|Any CPU = Release|Any CPU
	EndGlobalSection
	GlobalSection(ProjectConfigurationPlatforms) = postSolution
		{723EA0D7-F023-42D3-B1D1-39B6EF1FD7C9}.Debug|Any CPU.ActiveCfg = Debug|Any CPU
		{723EA0D7-F023-42D3-B1D1-39B6EF1FD7C9}.Debug|Any CPU.Build.0 = Debug|Any CPU
		{723EA0D7-F023-42D3-B1D1-39B6EF1FD7C9}.Release|Any CPU.ActiveCfg = Release|Any CPU
		{723EA0D7-F023-42D3-B1D1-39B6EF1FD7C9}.Release|Any CPU.Build.0 = Release|Any CPU
	EndGlobalSection
	GlobalSection(SolutionProperties) = preSolution
		HideSolutionNode = FALSE
	EndGlobalSection
	GlobalSection(ExtensibilityGlobals) = postSolution
		SolutionGuid = {7F95FB73-4A23-40E8-AB69-8D7EB8D6855A}
	EndGlobalSection
EndGlobal
